
Microsoft Visual Studio Solution File, Format Version 12.00
# Visual Studio Version 17
VisualStudioVersion = 17.8.34330.188
MinimumVisualStudioVersion = 10.0.40219.1
Project("{FAE04EC0-301F-11D3-BF4B-00C04F79EFBC}") = "WaterJugProblem", "WaterJugProblem\WaterJugProblem.csproj", "{0D7C8B07-86C9-4EC0-8768-FCEC7305B50A}"
EndProject
Global
	GlobalSection(SolutionConfigurationPlatforms) = preSolution
		Debug|Any CPU = Debug|Any CPU
		Release|Any CPU = Release|Any CPU
	EndGlobalSection
	GlobalSection(ProjectConfigurationPlatforms) = postSolution
		{0D7C8B07-86C9-4EC0-8768-FCEC7305B50A}.Debug|Any CPU.ActiveCfg = Debug|Any CPU
		{0D7C8B07-86C9-4EC0-8768-FCEC7305B50A}.Debug|Any CPU.Build.0 = Debug|Any CPU
		{0D7C8B07-86C9-4EC0-8768-FCEC7305B50A}.Release|Any CPU.ActiveCfg = Release|Any CPU
		{0D7C8B07-86C9-4EC0-8768-FCEC7305B50A}.Release|Any CPU.Build.0 = Release|Any CPU
	EndGlobalSection
	GlobalSection(SolutionProperties) = preSolution
		HideSolutionNode = FALSE
	EndGlobalSection
	GlobalSection(ExtensibilityGlobals) = postSolution
		SolutionGuid = {1D9065C6-59EF-40E4-9121-31240FE50760}
	EndGlobalSection
EndGlobal
